{
    "_readme": [
        "This file locks the dependencies of your project to a known state",
        "Read more about it at https://getcomposer.org/doc/01-basic-usage.md#composer-lock-the-lock-file",
        "This file is @generated automatically"
    ],
    "content-hash": "bf2cdb4d83dbcd135616bcb579ad2d78",
    "packages": [
        {
            "name": "inc2734/wp-awesome-components",
            "version": "1.0.7",
            "source": {
                "type": "git",
                "url": "https://github.com/inc2734/wp-awesome-components.git",
                "reference": "45ce014943db141350a001d4138921b1c7bec0a2"
            },
            "dist": {
                "type": "zip",
                "url": "https://api.github.com/repos/inc2734/wp-awesome-components/zipball/45ce014943db141350a001d4138921b1c7bec0a2",
                "reference": "45ce014943db141350a001d4138921b1c7bec0a2",
                "shasum": ""
            },
            "require": {
                "php": ">=5.6"
            },
            "require-dev": {
                "doctrine/instantiator": "1.0.4",
                "myclabs/deep-copy": "1.7.0",
                "pdepend/pdepend": "2.5.0",
                "phpdocumentor/reflection-docblock": "3.2.2",
                "phpmd/phpmd": "2.*",
                "phpunit/php-token-stream": "1.4.11",
                "phpunit/phpunit": "^5.7",
                "squizlabs/php_codesniffer": "*",
                "symfony/yaml": "3.4.1",
                "wp-coding-standards/wpcs": "*"
            },
            "type": "library",
            "autoload": {
                "psr-4": {
                    "Inc2734\\WP_Awesome_Components\\": "src"
                }
            },
            "notification-url": "https://packagist.org/downloads/",
            "license": [
                "GPL-2.0-or-later"
            ],
            "authors": [
                {
                    "name": "Takashi Kitajima",
                    "email": "inc@2inc.org"
                }
            ],
            "description": "A library to add some awesome components for WordPress.",
            "time": "2018-09-10T11:36:14+00:00"
        },
        {
            "name": "inc2734/wp-awesome-widgets",
            "version": "3.3.7",
            "source": {
                "type": "git",
                "url": "https://github.com/inc2734/wp-awesome-widgets.git",
                "reference": "0cc40acaae4089536b9ae883c79326980e9f22e2"
            },
            "dist": {
                "type": "zip",
                "url": "https://api.github.com/repos/inc2734/wp-awesome-widgets/zipball/0cc40acaae4089536b9ae883c79326980e9f22e2",
                "reference": "0cc40acaae4089536b9ae883c79326980e9f22e2",
                "shasum": ""
            },
            "require": {
                "inc2734/wp-contents-outline": "^2.0",
                "inc2734/wp-profile-box": "^1.1",
                "inc2734/wp-view-controller": "^5.0",
                "php": ">=5.6"
            },
            "require-dev": {
                "doctrine/instantiator": "1.0.4",
                "myclabs/deep-copy": "1.7.0",
                "pdepend/pdepend": "2.5.0",
                "phpdocumentor/reflection-docblock": "3.2.2",
                "phpmd/phpmd": "2.*",
                "phpunit/php-token-stream": "1.4.11",
                "phpunit/phpunit": "^5.7",
                "squizlabs/php_codesniffer": "*",
                "symfony/yaml": "3.4.1",
                "wp-coding-standards/wpcs": "*"
            },
            "type": "library",
            "autoload": {
                "psr-4": {
                    "Inc2734\\WP_Awesome_Widgets\\": "src"
                }
            },
            "notification-url": "https://packagist.org/downloads/",
            "license": [
                "GPL-2.0-or-later"
            ],
            "authors": [
                {
                    "name": "Takashi Kitajima",
                    "email": "inc@2inc.org"
                }
            ],
            "description": "A library to add some awesome widgets for WordPress.",
            "time": "2018-11-02T00:54:27+00:00"
        },
        {
            "name": "inc2734/wp-breadcrumbs",
            "version": "1.0.3",
            "source": {
                "type": "git",
                "url": "https://github.com/inc2734/wp-breadcrumbs.git",
                "reference": "8e9c67f6ce3c950c8545830db5f5b41820b6baeb"
            },
            "dist": {
                "type": "zip",
                "url": "https://api.github.com/repos/inc2734/wp-breadcrumbs/zipball/8e9c67f6ce3c950c8545830db5f5b41820b6baeb",
                "reference": "8e9c67f6ce3c950c8545830db5f5b41820b6baeb",
                "shasum": ""
            },
            "require": {
                "php": ">=5.6"
            },
            "require-dev": {
                "doctrine/instantiator": "1.0.4",
                "myclabs/deep-copy": "1.7.0",
                "pdepend/pdepend": "2.5.0",
                "phpdocumentor/reflection-docblock": "3.2.2",
                "phpmd/phpmd": "2.*",
                "phpunit/php-token-stream": "1.4.11",
                "phpunit/phpunit": "^5.7",
                "squizlabs/php_codesniffer": "*",
                "symfony/yaml": "3.4.1",
                "wp-coding-standards/wpcs": "*"
            },
            "type": "library",
            "autoload": {
                "psr-4": {
                    "Inc2734\\WP_Breadcrumbs\\": "src"
                }
            },
            "notification-url": "https://packagist.org/downloads/",
            "license": [
                "GPL-2.0-or-later"
            ],
            "authors": [
                {
                    "name": "Takashi Kitajima",
                    "email": "inc@2inc.org"
                }
            ],
            "description": "A library for WordPress breadcrumbs.",
            "time": "2018-07-27T12:57:18+00:00"
        },
        {
            "name": "inc2734/wp-contents-outline",
            "version": "2.0.3",
            "source": {
                "type": "git",
                "url": "https://github.com/inc2734/wp-contents-outline.git",
                "reference": "aebe90d61d678b4335e0a1ea8165c9a6949405e2"
            },
            "dist": {
                "type": "zip",
                "url": "https://api.github.com/repos/inc2734/wp-contents-outline/zipball/aebe90d61d678b4335e0a1ea8165c9a6949405e2",
                "reference": "aebe90d61d678b4335e0a1ea8165c9a6949405e2",
                "shasum": ""
            },
            "require": {
                "php": ">=5.6"
            },
            "require-dev": {
                "doctrine/instantiator": "1.0.4",
                "myclabs/deep-copy": "1.7.0",
                "pdepend/pdepend": "2.5.0",
                "phpdocumentor/reflection-docblock": "3.2.2",
                "phpmd/phpmd": "2.*",
                "phpunit/php-token-stream": "1.4.11",
                "phpunit/phpunit": "^5.7",
                "squizlabs/php_codesniffer": "*",
                "symfony/yaml": "3.4.1",
                "wp-coding-standards/wpcs": "*"
            },
            "type": "library",
            "autoload": {
                "psr-4": {
                    "Inc2734\\WP_Contents_Outline\\": "src"
                }
            },
            "notification-url": "https://packagist.org/downloads/",
            "license": [
                "GPL-2.0-or-later"
            ],
            "authors": [
                {
                    "name": "Takashi Kitajima",
                    "email": "inc@2inc.org"
                }
            ],
            "description": "A library for WordPress. This adds contents outline of the post.",
            "time": "2018-10-29T06:27:15+00:00"
        },
        {
            "name": "inc2734/wp-customizer-framework",
            "version": "3.3.0",
            "source": {
                "type": "git",
                "url": "https://github.com/inc2734/wp-customizer-framework.git",
                "reference": "115c073920d0ac86d0366777a88b4a432db104b4"
            },
            "dist": {
                "type": "zip",
                "url": "https://api.github.com/repos/inc2734/wp-customizer-framework/zipball/115c073920d0ac86d0366777a88b4a432db104b4",
                "reference": "115c073920d0ac86d0366777a88b4a432db104b4",
                "shasum": ""
            },
            "require": {
                "php": ">=5.6"
            },
            "require-dev": {
                "doctrine/instantiator": "1.0.4",
                "myclabs/deep-copy": "1.7.0",
                "pdepend/pdepend": "2.5.0",
                "phpdocumentor/reflection-docblock": "3.2.2",
                "phpmd/phpmd": "2.*",
                "phpunit/php-token-stream": "1.4.11",
                "phpunit/phpunit": "^5.7",
                "squizlabs/php_codesniffer": "*",
                "symfony/yaml": "3.4.1",
                "wp-coding-standards/wpcs": "*"
            },
            "type": "library",
            "autoload": {
                "psr-4": {
                    "Inc2734\\WP_Customizer_Framework\\": "src"
                }
            },
            "notification-url": "https://packagist.org/downloads/",
            "license": [
                "GPL-2.0-or-later"
            ],
            "authors": [
                {
                    "name": "Takashi Kitajima",
                    "email": "inc@2inc.org"
                }
            ],
            "description": "A library for WordPress Customizer.",
            "time": "2018-10-24T05:56:41+00:00"
        },
        {
            "name": "inc2734/wp-profile-box",
            "version": "1.1.2",
            "source": {
                "type": "git",
                "url": "https://github.com/inc2734/wp-profile-box.git",
                "reference": "f4a3885539c5ee734b968e71bb579e3bd5386f79"
            },
            "dist": {
                "type": "zip",
                "url": "https://api.github.com/repos/inc2734/wp-profile-box/zipball/f4a3885539c5ee734b968e71bb579e3bd5386f79",
                "reference": "f4a3885539c5ee734b968e71bb579e3bd5386f79",
                "shasum": ""
            },
            "require": {
                "php": ">=5.6"
            },
            "require-dev": {
                "doctrine/instantiator": "1.0.4",
                "myclabs/deep-copy": "1.7.0",
                "pdepend/pdepend": "2.5.0",
                "phpdocumentor/reflection-docblock": "3.2.2",
                "phpmd/phpmd": "2.*",
                "phpunit/php-token-stream": "1.4.11",
                "phpunit/phpunit": "^5.7",
                "squizlabs/php_codesniffer": "*",
                "symfony/yaml": "3.4.1",
                "wp-coding-standards/wpcs": "*"
            },
            "type": "library",
            "autoload": {
                "psr-4": {
                    "Inc2734\\WP_Profile_Box\\": "src"
                }
            },
            "notification-url": "https://packagist.org/downloads/",
            "license": [
                "GPL-2.0-or-later"
            ],
            "authors": [
                {
                    "name": "Takashi Kitajima",
                    "email": "inc@2inc.org"
                }
            ],
            "description": "A library to add profile box for WordPress.",
            "time": "2018-08-01T02:57:22+00:00"
        },
        {
            "name": "inc2734/wp-view-controller",
            "version": "5.0.6",
            "source": {
                "type": "git",
                "url": "https://github.com/inc2734/wp-view-controller.git",
                "reference": "fcc1a7dbe47efef4853c1e74b3967dbdc8cf9030"
            },
            "dist": {
                "type": "zip",
                "url": "https://api.github.com/repos/inc2734/wp-view-controller/zipball/fcc1a7dbe47efef4853c1e74b3967dbdc8cf9030",
                "reference": "fcc1a7dbe47efef4853c1e74b3967dbdc8cf9030",
                "shasum": ""
            },
            "require": {
                "php": ">=5.6"
            },
            "require-dev": {
                "doctrine/instantiator": "1.0.4",
                "myclabs/deep-copy": "1.7.0",
                "pdepend/pdepend": "2.5.0",
                "phpdocumentor/reflection-docblock": "3.2.2",
                "phpmd/phpmd": "2.*",
                "phpunit/php-token-stream": "1.4.11",
                "phpunit/phpunit": "^5.7",
                "squizlabs/php_codesniffer": "*",
                "symfony/yaml": "3.4.1",
                "wp-coding-standards/wpcs": "*"
            },
            "type": "library",
            "autoload": {
                "psr-4": {
                    "Inc2734\\WP_View_Controller\\": "src"
                }
            },
            "notification-url": "https://packagist.org/downloads/",
            "license": [
                "GPL-2.0-or-later"
            ],
            "authors": [
                {
                    "name": "Takashi Kitajima",
                    "email": "inc@2inc.org"
                }
            ],
            "description": "A library for WordPress theme view controller.",
            "time": "2018-11-01T06:56:38+00:00"
        }
    ],
    "packages-dev": [],
    "aliases": [],
    "minimum-stability": "stable",
    "stability-flags": [],
    "prefer-stable": false,
    "prefer-lowest": false,
    "platform": [],
    "platform-dev": []
}
